// !$*UTF8*$!
{
	archiveVersion = 1;
	classes = {
	};
	objectVersion = 46;
	objects = {

/* Begin PBXBuildFile section */
		CBADFEB81B323D24002F5FDE /* AppDelegate.swift in Sources */ = {isa = PBXBuildFile; fileRef = CBADFEB71B323D24002F5FDE /* AppDelegate.swift */; };
		CBADFEBA1B323D24002F5FDE /* ViewController.swift in Sources */ = {isa = PBXBuildFile; fileRef = CBADFEB91B323D24002F5FDE /* ViewController.swift */; };
		CBADFEBD1B323D24002F5FDE /* Main.storyboard in Resources */ = {isa = PBXBuildFile; fileRef = CBADFEBB1B323D24002F5FDE /* Main.storyboard */; };
		CBADFEBF1B323D24002F5FDE /* Images.xcassets in Resources */ = {isa = PBXBuildFile; fileRef = CBADFEBE1B323D24002F5FDE /* Images.xcassets */; };
		CBADFEC21B323D24002F5FDE /* LaunchScreen.xib in Resources */ = {isa = PBXBuildFile; fileRef = CBADFEC01B323D24002F5FDE /* LaunchScreen.xib */; };
		CBADFECE1B323D24002F5FDE /* PostcardTests.swift in Sources */ = {isa = PBXBuildFile; fileRef = CBADFECD1B323D24002F5FDE /* PostcardTests.swift */; };
		CBADFED81B324033002F5FDE /* SagradaFamilia.jpeg in Resources */ = {isa = PBXBuildFile; fileRef = CBADFED71B324033002F5FDE /* SagradaFamilia.jpeg */; };
		CBADFEDA1B32430F002F5FDE /* AlbertEinsteinStamp.jpg in Resources */ = {isa = PBXBuildFile; fileRef = CBADFED91B32430F002F5FDE /* AlbertEinsteinStamp.jpg */; };
/* End PBXBuildFile section */

/* Begin PBXContainerItemProxy section */
		CBADFEC81B323D24002F5FDE /* PBXContainerItemProxy */ = {
			isa = PBXContainerItemProxy;
			containerPortal = CBADFEAA1B323D24002F5FDE /* Project object */;
			proxyType = 1;
			remoteGlobalIDString = CBADFEB11B323D24002F5FDE;
			remoteInfo = Postcard;
		};
/* End PBXContainerItemProxy section */

/* Begin PBXFileReference section */
		CBADFEB21B323D24002F5FDE /* Postcard.app */ = {isa = PBXFileReference; explicitFileType = wrapper.application; includeInIndex = 0; path = Postcard.app; sourceTree = BUILT_PRODUCTS_DIR; };
		CBADFEB61B323D24002F5FDE /* Info.plist */ = {isa = PBXFileReference; lastKnownFileType = text.plist.xml; path = Info.plist; sourceTree = "<group>"; };
		CBADFEB71B323D24002F5FDE /* AppDelegate.swift */ = {isa = PBXFileReference; lastKnownFileType = sourcecode.swift; path = AppDelegate.swift; sourceTree = "<group>"; };
		CBADFEB91B323D24002F5FDE /* ViewController.swift */ = {isa = PBXFileReference; lastKnownFileType = sourcecode.swift; path = ViewController.swift; sourceTree = "<group>"; };
		CBADFEBC1B323D24002F5FDE /* Base */ = {isa = PBXFileReference; lastKnownFileType = file.storyboard; name = Base; path = Base.lproj/Main.storyboard; sourceTree = "<group>"; };
		CBADFEBE1B323D24002F5FDE /* Images.xcassets */ = {isa = PBXFileReference; lastKnownFileType = folder.assetcatalog; path = Images.xcassets; sourceTree = "<group>"; };
		CBADFEC11B323D24002F5FDE /* Base */ = {isa = PBXFileReference; lastKnownFileType = file.xib; name = Base; path = Base.lproj/LaunchScreen.xib; sourceTree = "<group>"; };
		CBADFEC71B323D24002F5FDE /* PostcardTests.xctest */ = {isa = PBXFileReference; explicitFileType = wrapper.cfbundle; includeInIndex = 0; path = PostcardTests.xctest; sourceTree = BUILT_PRODUCTS_DIR; };
		CBADFECC1B323D24002F5FDE /* Info.plist */ = {isa = PBXFileReference; lastKnownFileType = text.plist.xml; path = Info.plist; sourceTree = "<group>"; };
		CBADFECD1B323D24002F5FDE /* PostcardTests.swift */ = {isa = PBXFileReference; lastKnownFileType = sourcecode.swift; path = PostcardTests.swift; sourceTree = "<group>"; };
		CBADFED71B324033002F5FDE /* SagradaFamilia.jpeg */ = {isa = PBXFileReference; lastKnownFileType = image.jpeg; path = SagradaFamilia.jpeg; sourceTree = "<group>"; };
		CBADFED91B32430F002F5FDE /* AlbertEinsteinStamp.jpg */ = {isa = PBXFileReference; lastKnownFileType = image.jpeg; path = AlbertEinsteinStamp.jpg; sourceTree = "<group>"; };
/* End PBXFileReference section */

/* Begin PBXFrameworksBuildPhase section */
		CBADFEAF1B323D24002F5FDE /* Frameworks */ = {
			isa = PBXFrameworksBuildPhase;
			buildActionMask = 2147483647;
			files = (
			);
			runOnlyForDeploymentPostprocessing = 0;
		};
		CBADFEC41B323D24002F5FDE /* Frameworks */ = {
			isa = PBXFrameworksBuildPhase;
			buildActionMask = 2147483647;
			files = (
			);
			runOnlyForDeploymentPostprocessing = 0;
		};
/* End PBXFrameworksBuildPhase section */

/* Begin PBXGroup section */
		CBADFEA91B323D24002F5FDE = {
			isa = PBXGroup;
			children = (
				CBADFEB41B323D24002F5FDE /* Postcard */,
				CBADFECA1B323D24002F5FDE /* PostcardTests */,
				CBADFEB31B323D24002F5FDE /* Products */,
			);
			sourceTree = "<group>";
		};
		CBADFEB31B323D24002F5FDE /* Products */ = {
			isa = PBXGroup;
			children = (
				CBADFEB21B323D24002F5FDE /* Postcard.app */,
				CBADFEC71B323D24002F5FDE /* PostcardTests.xctest */,
			);
			name = Products;
			sourceTree = "<group>";
		};
		CBADFEB41B323D24002F5FDE /* Postcard */ = {
			isa = PBXGroup;
			children = (
				CBADFEB71B323D24002F5FDE /* AppDelegate.swift */,
				CBADFEB91B323D24002F5FDE /* ViewController.swift */,
				CBADFEBB1B323D24002F5FDE /* Main.storyboard */,
				CBADFEBE1B323D24002F5FDE /* Images.xcassets */,
				CBADFEC01B323D24002F5FDE /* LaunchScreen.xib */,
				CBADFEB51B323D24002F5FDE /* Supporting Files */,
			);
			path = Postcard;
			sourceTree = "<group>";
		};
		CBADFEB51B323D24002F5FDE /* Supporting Files */ = {
			isa = PBXGroup;
			children = (
				CBADFED91B32430F002F5FDE /* AlbertEinsteinStamp.jpg */,
				CBADFED71B324033002F5FDE /* SagradaFamilia.jpeg */,
				CBADFEB61B323D24002F5FDE /* Info.plist */,
			);
			name = "Supporting Files";
			sourceTree = "<group>";
		};
		CBADFECA1B323D24002F5FDE /* PostcardTests */ = {
			isa = PBXGroup;
			children = (
				CBADFECD1B323D24002F5FDE /* PostcardTests.swift */,
				CBADFECB1B323D24002F5FDE /* Supporting Files */,
			);
			path = PostcardTests;
			sourceTree = "<group>";
		};
		CBADFECB1B323D24002F5FDE /* Supporting Files */ = {
			isa = PBXGroup;
			children = (
				CBADFECC1B323D24002F5FDE /* Info.plist */,
			);
			name = "Supporting Files";
			sourceTree = "<group>";
		};
/* End PBXGroup section */

/* Begin PBXNativeTarget section */
		CBADFEB11B323D24002F5FDE /* Postcard */ = {
			isa = PBXNativeTarget;
			buildConfigurationList = CBADFED11B323D24002F5FDE /* Build configuration list for PBXNativeTarget "Postcard" */;
			buildPhases = (
				CBADFEAE1B323D24002F5FDE /* Sources */,
				CBADFEAF1B323D24002F5FDE /* Frameworks */,
				CBADFEB01B323D24002F5FDE /* Resources */,
			);
			buildRules = (
			);
			dependencies = (
			);
			name = Postcard;
			productName = Postcard;
			productReference = CBADFEB21B323D24002F5FDE /* Postcard.app */;
			productType = "com.apple.product-type.application";
		};
		CBADFEC61B323D24002F5FDE /* PostcardTests */ = {
			isa = PBXNativeTarget;
			buildConfigurationList = CBADFED41B323D24002F5FDE /* Build configuration list for PBXNativeTarget "PostcardTests" */;
			buildPhases = (
				CBADFEC31B323D24002F5FDE /* Sources */,
				CBADFEC41B323D24002F5FDE /* Frameworks */,
				CBADFEC51B323D24002F5FDE /* Resources */,
			);
			buildRules = (
			);
			dependencies = (
				CBADFEC91B323D24002F5FDE /* PBXTargetDependency */,
			);
			name = PostcardTests;
			productName = PostcardTests;
			productReference = CBADFEC71B323D24002F5FDE /* PostcardTests.xctest */;
			productType = "com.apple.product-type.bundle.unit-test";
		};
/* End PBXNativeTarget section */

/* Begin PBXProject section */
		CBADFEAA1B323D24002F5FDE /* Project object */ = {
			isa = PBXProject;
			attributes = {
				LastUpgradeCheck = 0630;
				ORGANIZATIONNAME = "Martin Corredor";
				TargetAttributes = {
					CBADFEB11B323D24002F5FDE = {
						CreatedOnToolsVersion = 6.3.2;
					};
					CBADFEC61B323D24002F5FDE = {
						CreatedOnToolsVersion = 6.3.2;
						TestTargetID = CBADFEB11B323D24002F5FDE;
					};
				};
			};
			buildConfigurationList = CBADFEAD1B323D24002F5FDE /* Build configuration list for PBXProject "Postcard" */;
			compatibilityVersion = "Xcode 3.2";
			developmentRegion = English;
			hasScannedForEncodings = 0;
			knownRegions = (
				en,
				Base,
			);
			mainGroup = CBADFEA91B323D24002F5FDE;
			productRefGroup = CBADFEB31B323D24002F5FDE /* Products */;
			projectDirPath = "";
			projectRoot = "";
			targets = (
				CBADFEB11B323D24002F5FDE /* Postcard */,
				CBADFEC61B323D24002F5FDE /* PostcardTests */,
			);
		};
/* End PBXProject section */

/* Begin PBXResourcesBuildPhase section */
		CBADFEB01B323D24002F5FDE /* Resources */ = {
			isa = PBXResourcesBuildPhase;
			buildActionMask = 2147483647;
			files = (
				CBADFEBD1B323D24002F5FDE /* Main.storyboard in Resources */,
				CBADFED81B324033002F5FDE /* SagradaFamilia.jpeg in Resources */,
				CBADFEDA1B32430F002F5FDE /* AlbertEinsteinStamp.jpg in Resources */,
				CBADFEC21B323D24002F5FDE /* LaunchScreen.xib in Resources */,
				CBADFEBF1B323D24002F5FDE /* Images.xcassets in Resources */,
			);
			runOnlyForDeploymentPostprocessing = 0;
		};
		CBADFEC51B323D24002F5FDE /* Resources */ = {
			isa = PBXResourcesBuildPhase;
			buildActionMask = 2147483647;
			files = (
			);
			runOnlyForDeploymentPostprocessing = 0;
		};
/* End PBXResourcesBuildPhase section */

/* Begin PBXSourcesBuildPhase section */
		CBADFEAE1B323D24002F5FDE /* Sources */ = {
			isa = PBXSourcesBuildPhase;
			buildActionMask = 2147483647;
			files = (
				CBADFEBA1B323D24002F5FDE /* ViewController.swift in Sources */,
				CBADFEB81B323D24002F5FDE /* AppDelegate.swift in Sources */,
			);
			runOnlyForDeploymentPostprocessing = 0;
		};
		CBADFEC31B323D24002F5FDE /* Sources */ = {
			isa = PBXSourcesBuildPhase;
			buildActionMask = 2147483647;
			files = (
				CBADFECE1B323D24002F5FDE /* PostcardTests.swift in Sources */,
			);
			runOnlyForDeploymentPostprocessing = 0;
		};
/* End PBXSourcesBuildPhase section */

/* Begin PBXTargetDependency section */
		CBADFEC91B323D24002F5FDE /* PBXTargetDependency */ = {
			isa = PBXTargetDependency;
			target = CBADFEB11B323D24002F5FDE /* Postcard */;
			targetProxy = CBADFEC81B323D24002F5FDE /* PBXContainerItemProxy */;
		};
/* End PBXTargetDependency section */

/* Begin PBXVariantGroup section */
		CBADFEBB1B323D24002F5FDE /* Main.storyboard */ = {
			isa = PBXVariantGroup;
			children = (
				CBADFEBC1B323D24002F5FDE /* Base */,
			);
			name = Main.storyboard;
			sourceTree = "<group>";
		};
		CBADFEC01B323D24002F5FDE /* LaunchScreen.xib */ = {
			isa = PBXVariantGroup;
			children = (
				CBADFEC11B323D24002F5FDE /* Base */,
			);
			name = LaunchScreen.xib;
			sourceTree = "<group>";
		};
/* End PBXVariantGroup section */

/* Begin XCBuildConfiguration section */
		CBADFECF1B323D24002F5FDE /* Debug */ = {
			isa = XCBuildConfiguration;
			buildSettings = {
				ALWAYS_SEARCH_USER_PATHS = NO;
				CLANG_CXX_LANGUAGE_STANDARD = "gnu++0x";
				CLANG_CXX_LIBRARY = "libc++";
				CLANG_ENABLE_MODULES = YES;
				CLANG_ENABLE_OBJC_ARC = YES;
				CLANG_WARN_BOOL_CONVERSION = YES;
				CLANG_WARN_CONSTANT_CONVERSION = YES;
				CLANG_WARN_DIRECT_OBJC_ISA_USAGE = YES_ERROR;
				CLANG_WARN_EMPTY_BODY = YES;
				CLANG_WARN_ENUM_CONVERSION = YES;
				CLANG_WARN_INT_CONVERSION = YES;
				CLANG_WARN_OBJC_ROOT_CLASS = YES_ERROR;
				CLANG_WARN_UNREACHABLE_CODE = YES;
				CLANG_WARN__DUPLICATE_METHOD_MATCH = YES;
				"CODE_SIGN_IDENTITY[sdk=iphoneos*]" = "iPhone Developer";
				COPY_PHASE_STRIP = NO;
				DEBUG_INFORMATION_FORMAT = "dwarf-with-dsym";
				ENABLE_STRICT_OBJC_MSGSEND = YES;
				GCC_C_LANGUAGE_STANDARD = gnu99;
				GCC_DYNAMIC_NO_PIC = NO;
				GCC_NO_COMMON_BLOCKS = YES;
				GCC_OPTIMIZATION_LEVEL = 0;
				GCC_PREPROCESSOR_DEFINITIONS = (
					"DEBUG=1",
					"$(inherited)",
				);
				GCC_SYMBOLS_PRIVATE_EXTERN = NO;
				GCC_WARN_64_TO_32_BIT_CONVERSION = YES;
				GCC_WARN_ABOUT_RETURN_TYPE = YES_ERROR;
				GCC_WARN_UNDECLARED_SELECTOR = YES;
				GCC_WARN_UNINITIALIZED_AUTOS = YES_AGGRESSIVE;
				GCC_WARN_UNUSED_FUNCTION = YES;
				GCC_WARN_UNUSED_VARIABLE = YES;
				IPHONEOS_DEPLOYMENT_TARGET = 8.3;
				MTL_ENABLE_DEBUG_INFO = YES;
				ONLY_ACTIVE_ARCH = YES;
				SDKROOT = iphoneos;
				SWIFT_OPTIMIZATION_LEVEL = "-Onone";
				TARGETED_DEVICE_FAMILY = "1,2";
			};
			name = Debug;
		};
		CBADFED01B323D24002F5FDE /* Release */ = {
			isa = XCBuildConfiguration;
			buildSettings = {
				ALWAYS_SEARCH_USER_PATHS = NO;
				CLANG_CXX_LANGUAGE_STANDARD = "gnu++0x";
				CLANG_CXX_LIBRARY = "libc++";
				CLANG_ENABLE_MODULES = YES;
				CLANG_ENABLE_OBJC_ARC = YES;
				CLANG_WARN_BOOL_CONVERSION = YES;
				CLANG_WARN_CONSTANT_CONVERSION = YES;
				CLANG_WARN_DIRECT_OBJC_ISA_USAGE = YES_ERROR;
				CLANG_WARN_EMPTY_BODY = YES;
				CLANG_WARN_ENUM_CONVERSION = YES;
				CLANG_WARN_INT_CONVERSION = YES;
				CLANG_WARN_OBJC_ROOT_CLASS = YES_ERROR;
				CLANG_WARN_UNREACHABLE_CODE = YES;
				CLANG_WARN__DUPLICATE_METHOD_MATCH = YES;
				"CODE_SIGN_IDENTITY[sdk=iphoneos*]" = "iPhone Developer";
				COPY_PHASE_STRIP = NO;
				DEBUG_INFORMATION_FORMAT = "dwarf-with-dsym";
				ENABLE_NS_ASSERTIONS = NO;
				ENABLE_STRICT_OBJC_MSGSEND = YES;
				GCC_C_LANGUAGE_STANDARD = gnu99;
				GCC_NO_COMMON_BLOCKS = YES;
				GCC_WARN_64_TO_32_BIT_CONVERSION = YES;
				GCC_WARN_ABOUT_RETURN_TYPE = YES_ERROR;
				GCC_WARN_UNDECLARED_SELECTOR = YES;
				GCC_WARN_UNINITIALIZED_AUTOS = YES_AGGRESSIVE;
				GCC_WARN_UNUSED_FUNCTION = YES;
				GCC_WARN_UNUSED_VARIABLE = YES;
				IPHONEOS_DEPLOYMENT_TARGET = 8.3;
				MTL_ENABLE_DEBUG_INFO = NO;
				SDKROOT = iphoneos;
				TARGETED_DEVICE_FAMILY = "1,2";
				VALIDATE_PRODUCT = YES;
			};
			name = Release;
		};
		CBADFED21B323D24002F5FDE /* Debug */ = {
			isa = XCBuildConfiguration;
			buildSettings = {
				ASSETCATALOG_COMPILER_APPICON_NAME = AppIcon;
				INFOPLIST_FILE = Postcard/Info.plist;
				LD_RUNPATH_SEARCH_PATHS = "$(inherited) @executable_path/Frameworks";
				PRODUCT_NAME = "$(TARGET_NAME)";
			};
			name = Debug;
		};
		CBADFED31B323D24002F5FDE /* Release */ = {
			isa = XCBuildConfiguration;
			buildSettings = {
				ASSETCATALOG_COMPILER_APPICON_NAME = AppIcon;
				INFOPLIST_FILE = Postcard/Info.plist;
				LD_RUNPATH_SEARCH_PATHS = "$(inherited) @executable_path/Frameworks";
				PRODUCT_NAME = "$(TARGET_NAME)";
			};
			name = Release;
		};
		CBADFED51B323D24002F5FDE /* Debug */ = {
			isa = XCBuildConfiguration;
			buildSettings = {
				BUNDLE_LOADER = "$(TEST_HOST)";
				FRAMEWORK_SEARCH_PATHS = (
					"$(SDKROOT)/Developer/Library/Frameworks",
					"$(inherited)",
				);
				GCC_PREPROCESSOR_DEFINITIONS = (
					"DEBUG=1",
					"$(inherited)",
				);
				INFOPLIST_FILE = PostcardTests/Info.plist;
				LD_RUNPATH_SEARCH_PATHS = "$(inherited) @executable_path/Frameworks @loader_path/Frameworks";
				PRODUCT_NAME = "$(TARGET_NAME)";
				TEST_HOST = "$(BUILT_PRODUCTS_DIR)/Postcard.app/Postcard";
			};
			name = Debug;
		};
		CBADFED61B323D24002F5FDE /* Release */ = {
			isa = XCBuildConfiguration;
			buildSettings = {
				BUNDLE_LOADER = "$(TEST_HOST)";
				FRAMEWORK_SEARCH_PATHS = (
					"$(SDKROOT)/Developer/Library/Frameworks",
					"$(inherited)",
				);
				INFOPLIST_FILE = PostcardTests/Info.plist;
				LD_RUNPATH_SEARCH_PATHS = "$(inherited) @executable_path/Frameworks @loader_path/Frameworks";
				PRODUCT_NAME = "$(TARGET_NAME)";
				TEST_HOST = "$(BUILT_PRODUCTS_DIR)/Postcard.app/Postcard";
			};
			name = Release;
		};
/* End XCBuildConfiguration section */

/* Begin XCConfigurationList section */
		CBADFEAD1B323D24002F5FDE /* Build configuration list for PBXProject "Postcard" */ = {
			isa = XCConfigurationList;
			buildConfigurations = (
				CBADFECF1B323D24002F5FDE /* Debug */,
				CBADFED01B323D24002F5FDE /* Release */,
			);
			defaultConfigurationIsVisible = 0;
			defaultConfigurationName = Release;
		};
		CBADFED11B323D24002F5FDE /* Build configuration list for PBXNativeTarget "Postcard" */ = {
			isa = XCConfigurationList;
			buildConfigurations = (
				CBADFED21B323D24002F5FDE /* Debug */,
				CBADFED31B323D24002F5FDE /* Release */,
			);
			defaultConfigurationIsVisible = 0;
		};
		CBADFED41B323D24002F5FDE /* Build configuration list for PBXNativeTarget "PostcardTests" */ = {
			isa = XCConfigurationList;
			buildConfigurations = (
				CBADFED51B323D24002F5FDE /* Debug */,
				CBADFED61B323D24002F5FDE /* Release */,
			);
			defaultConfigurationIsVisible = 0;
		};
/* End XCConfigurationList section */
	};
	rootObject = CBADFEAA1B323D24002F5FDE /* Project object */;
}
